{
    "version": 3,
    "terraform_version": "0.11.8",
    "serial": 28,
    "lineage": "6a0f8516-886b-36ac-0f89-1596154f2bd8",
    "modules": [
        {
            "path": [
                "root"
            ],
            "outputs": {},
            "resources": {
                "aws_autoscaling_group.app": {
                    "type": "aws_autoscaling_group",
                    "depends_on": [
                        "aws_launch_configuration.Mhav-App-LCF",
                        "aws_lb_target_group.MhavApp",
                        "module.app"
                    ],
                    "primary": {
                        "id": "Mhav-App-AS",
                        "attributes": {
                            "arn": "arn:aws:autoscaling:eu-central-1:135928476890:autoScalingGroup:4e906891-c6aa-41bf-97cf-92f4155f66ff:autoScalingGroupName/Mhav-App-AS",
                            "availability_zones.#": "1",
                            "availability_zones.1126047633": "eu-central-1a",
                            "default_cooldown": "300",
                            "desired_capacity": "2",
                            "enabled_metrics.#": "0",
                            "force_delete": "true",
                            "health_check_grace_period": "300",
                            "health_check_type": "EC2",
                            "id": "Mhav-App-AS",
                            "launch_configuration": "mhaventhan-tf-lCF",
                            "launch_template.#": "0",
                            "load_balancers.#": "0",
                            "max_size": "2",
                            "metrics_granularity": "1Minute",
                            "min_size": "2",
                            "name": "Mhav-App-AS",
                            "placement_group": "",
                            "protect_from_scale_in": "false",
                            "service_linked_role_arn": "arn:aws:iam::135928476890:role/aws-service-role/autoscaling.amazonaws.com/AWSServiceRoleForAutoScaling",
                            "suspended_processes.#": "0",
                            "tag.#": "0",
                            "target_group_arns.#": "1",
                            "target_group_arns.1877210575": "arn:aws:elasticloadbalancing:eu-central-1:135928476890:targetgroup/mhaventhan-target-group/1ef6dedd9d2a0095",
                            "termination_policies.#": "0",
                            "vpc_zone_identifier.#": "1",
                            "vpc_zone_identifier.979389696": "subnet-0f3a618ec820df8d9",
                            "wait_for_capacity_timeout": "10m"
                        },
                        "meta": {
                            "e2bfb730-ecaa-11e6-8f88-34363bc7c4c0": {
                                "delete": 600000000000
                            }
                        },
                        "tainted": false
                    },
                    "deposed": [],
                    "provider": "provider.aws"
                },
                "aws_internet_gateway.mhaventhan": {
                    "type": "aws_internet_gateway",
                    "depends_on": [
                        "aws_vpc.mhaventhan"
                    ],
                    "primary": {
                        "id": "igw-03376a02c685d30d4",
                        "attributes": {
                            "id": "igw-03376a02c685d30d4",
                            "tags.%": "1",
                            "tags.Name": "mhaventhan-TF-IG",
                            "vpc_id": "vpc-000bd43062dfd9510"
                        },
                        "meta": {},
                        "tainted": false
                    },
                    "deposed": [],
                    "provider": "provider.aws"
                },
                "aws_launch_configuration.Mhav-App-LCF": {
                    "type": "aws_launch_configuration",
                    "depends_on": [
                        "data.template_file.app_init",
                        "module.app"
                    ],
                    "primary": {
                        "id": "mhaventhan-tf-lCF",
                        "attributes": {
                            "associate_public_ip_address": "false",
                            "ebs_block_device.#": "0",
                            "ebs_optimized": "false",
                            "enable_monitoring": "true",
                            "ephemeral_block_device.#": "0",
                            "iam_instance_profile": "",
                            "id": "mhaventhan-tf-lCF",
                            "image_id": "ami-08ee9bf23ec43d3c9",
                            "instance_type": "t2.micro",
                            "key_name": "",
                            "name": "mhaventhan-tf-lCF",
                            "root_block_device.#": "0",
                            "security_groups.#": "1",
                            "security_groups.4250774732": "sg-0d16ede5c285ddebc",
                            "spot_price": "",
                            "user_data": "b3ed2adae4a0170b3ef6a9456b3bf132051dc10e",
                            "vpc_classic_link_id": "",
                            "vpc_classic_link_security_groups.#": "0"
                        },
                        "meta": {},
                        "tainted": false
                    },
                    "deposed": [],
                    "provider": "provider.aws"
                },
                "aws_lb.lb": {
                    "type": "aws_lb",
                    "depends_on": [
                        "module.app"
                    ],
                    "primary": {
                        "id": "arn:aws:elasticloadbalancing:eu-central-1:135928476890:loadbalancer/net/Mhav-lb-TF/d64dc72e6200f8b3",
                        "attributes": {
                            "access_logs.#": "1",
                            "arn": "arn:aws:elasticloadbalancing:eu-central-1:135928476890:loadbalancer/net/Mhav-lb-TF/d64dc72e6200f8b3",
                            "arn_suffix": "net/Mhav-lb-TF/d64dc72e6200f8b3",
                            "dns_name": "Mhav-lb-TF-d64dc72e6200f8b3.elb.eu-central-1.amazonaws.com",
                            "enable_cross_zone_load_balancing": "false",
                            "enable_deletion_protection": "false",
                            "id": "arn:aws:elasticloadbalancing:eu-central-1:135928476890:loadbalancer/net/Mhav-lb-TF/d64dc72e6200f8b3",
                            "internal": "false",
                            "ip_address_type": "ipv4",
                            "load_balancer_type": "network",
                            "name": "Mhav-lb-TF",
                            "security_groups.#": "0",
                            "subnet_mapping.#": "1",
                            "subnet_mapping.2548552629.allocation_id": "",
                            "subnet_mapping.2548552629.subnet_id": "subnet-0f3a618ec820df8d9",
                            "subnets.#": "1",
                            "subnets.979389696": "subnet-0f3a618ec820df8d9",
                            "tags.%": "1",
                            "tags.Name": "Mhav_App_Lb",
                            "vpc_id": "vpc-000bd43062dfd9510",
                            "zone_id": "Z3F0SRJ5LGBH90"
                        },
                        "meta": {
                            "e2bfb730-ecaa-11e6-8f88-34363bc7c4c0": {
                                "create": 600000000000,
                                "delete": 600000000000,
                                "update": 600000000000
                            }
                        },
                        "tainted": false
                    },
                    "deposed": [],
                    "provider": "provider.aws"
                },
                "aws_lb_listener.mhaventhanapp": {
                    "type": "aws_lb_listener",
                    "depends_on": [
                        "aws_lb.lb",
                        "aws_lb_target_group.MhavApp"
                    ],
                    "primary": {
                        "id": "arn:aws:elasticloadbalancing:eu-central-1:135928476890:listener/net/Mhav-lb-TF/d64dc72e6200f8b3/102136d157388138",
                        "attributes": {
                            "arn": "arn:aws:elasticloadbalancing:eu-central-1:135928476890:listener/net/Mhav-lb-TF/d64dc72e6200f8b3/102136d157388138",
                            "default_action.#": "1",
                            "default_action.0.fixed_response.#": "0",
                            "default_action.0.redirect.#": "0",
                            "default_action.0.target_group_arn": "arn:aws:elasticloadbalancing:eu-central-1:135928476890:targetgroup/mhaventhan-target-group/1ef6dedd9d2a0095",
                            "default_action.0.type": "forward",
                            "id": "arn:aws:elasticloadbalancing:eu-central-1:135928476890:listener/net/Mhav-lb-TF/d64dc72e6200f8b3/102136d157388138",
                            "load_balancer_arn": "arn:aws:elasticloadbalancing:eu-central-1:135928476890:loadbalancer/net/Mhav-lb-TF/d64dc72e6200f8b3",
                            "port": "80",
                            "protocol": "TCP",
                            "ssl_policy": ""
                        },
                        "meta": {},
                        "tainted": false
                    },
                    "deposed": [],
                    "provider": "provider.aws"
                },
                "aws_lb_target_group.MhavApp": {
                    "type": "aws_lb_target_group",
                    "depends_on": [
                        "aws_vpc.mhaventhan"
                    ],
                    "primary": {
                        "id": "arn:aws:elasticloadbalancing:eu-central-1:135928476890:targetgroup/mhaventhan-target-group/1ef6dedd9d2a0095",
                        "attributes": {
                            "arn": "arn:aws:elasticloadbalancing:eu-central-1:135928476890:targetgroup/mhaventhan-target-group/1ef6dedd9d2a0095",
                            "arn_suffix": "targetgroup/mhaventhan-target-group/1ef6dedd9d2a0095",
                            "deregistration_delay": "300",
                            "health_check.#": "1",
                            "health_check.0.healthy_threshold": "3",
                            "health_check.0.interval": "30",
                            "health_check.0.matcher": "",
                            "health_check.0.path": "",
                            "health_check.0.port": "traffic-port",
                            "health_check.0.protocol": "TCP",
                            "health_check.0.timeout": "10",
                            "health_check.0.unhealthy_threshold": "3",
                            "id": "arn:aws:elasticloadbalancing:eu-central-1:135928476890:targetgroup/mhaventhan-target-group/1ef6dedd9d2a0095",
                            "name": "mhaventhan-target-group",
                            "port": "80",
                            "protocol": "TCP",
                            "proxy_protocol_v2": "false",
                            "slow_start": "0",
                            "stickiness.#": "0",
                            "tags.%": "0",
                            "target_type": "instance",
                            "vpc_id": "vpc-000bd43062dfd9510"
                        },
                        "meta": {},
                        "tainted": false
                    },
                    "deposed": [],
                    "provider": "provider.aws"
                },
                "aws_route53_record.www": {
                    "type": "aws_route53_record",
                    "depends_on": [
                        "aws_lb.lb"
                    ],
                    "primary": {
                        "id": "Z3CCIZELFLJ3SC_example.com_A",
                        "attributes": {
                            "alias.#": "1",
                            "alias.2875258706.evaluate_target_health": "true",
                            "alias.2875258706.name": "Mhav-lb-TF-d64dc72e6200f8b3.elb.eu-central-1.amazonaws.com",
                            "alias.2875258706.zone_id": "Z3F0SRJ5LGBH90",
                            "allow_overwrite": "true",
                            "fqdn": "example.com.spartaglobal.education",
                            "id": "Z3CCIZELFLJ3SC_example.com_A",
                            "name": "example.com",
                            "type": "A",
                            "zone_id": "Z3CCIZELFLJ3SC"
                        },
                        "meta": {
                            "schema_version": "2"
                        },
                        "tainted": false
                    },
                    "deposed": [],
                    "provider": "provider.aws"
                },
                "aws_vpc.mhaventhan": {
                    "type": "aws_vpc",
                    "depends_on": [],
                    "primary": {
                        "id": "vpc-000bd43062dfd9510",
                        "attributes": {
                            "arn": "arn:aws:ec2:eu-central-1:135928476890:vpc/vpc-000bd43062dfd9510",
                            "assign_generated_ipv6_cidr_block": "false",
                            "cidr_block": "10.3.0.0/16",
                            "default_network_acl_id": "acl-07bd6464837591b55",
                            "default_route_table_id": "rtb-03bcbeee5e50d084e",
                            "default_security_group_id": "sg-01d53575aab0fa76d",
                            "dhcp_options_id": "dopt-763e381f",
                            "enable_dns_hostnames": "false",
                            "enable_dns_support": "true",
                            "id": "vpc-000bd43062dfd9510",
                            "instance_tenancy": "default",
                            "main_route_table_id": "rtb-03bcbeee5e50d084e",
                            "tags.%": "1",
                            "tags.Name": "mhaventhan-TF-vpc"
                        },
                        "meta": {
                            "schema_version": "1"
                        },
                        "tainted": false
                    },
                    "deposed": [],
                    "provider": "provider.aws"
                },
                "data.template_file.app_init": {
                    "type": "template_file",
                    "depends_on": [
                        "module.db"
                    ],
                    "primary": {
                        "id": "3bd1738673511b0a97c9cecfa8518c702be2efbb1c2a3a53b500c512da7f9ff2",
                        "attributes": {
                            "id": "3bd1738673511b0a97c9cecfa8518c702be2efbb1c2a3a53b500c512da7f9ff2",
                            "rendered": "#!/bin/bash\n\nexport DB_HOST=mongodb://10.3.1.219:27017/posts\ncd /home/ubuntu/app\nnmp i\npm2 kill\npm2 start app.js\n",
                            "template": "#!/bin/bash\n\nexport DB_HOST=${db_host}\ncd /home/ubuntu/app\nnmp i\npm2 kill\npm2 start app.js\n",
                            "vars.%": "1",
                            "vars.db_host": "mongodb://10.3.1.219:27017/posts"
                        },
                        "meta": {},
                        "tainted": false
                    },
                    "deposed": [],
                    "provider": "provider.template"
                }
            },
            "depends_on": []
        },
        {
            "path": [
                "root",
                "app"
            ],
            "outputs": {
                "security_group_id": {
                    "sensitive": false,
                    "type": "string",
                    "value": "sg-0d16ede5c285ddebc"
                },
                "subnet_app_id": {
                    "sensitive": false,
                    "type": "string",
                    "value": "subnet-0f3a618ec820df8d9"
                },
                "subnet_cidr_block": {
                    "sensitive": false,
                    "type": "string",
                    "value": "10.3.0.0/24"
                }
            },
            "resources": {
                "aws_instance.mhav_TF_app": {
                    "type": "aws_instance",
                    "depends_on": [
                        "aws_security_group.mhaventhanApp",
                        "aws_subnet.mhaventhanApp"
                    ],
                    "primary": {
                        "id": "i-094276beb7dd1fc6c",
                        "attributes": {
                            "ami": "ami-08ee9bf23ec43d3c9",
                            "arn": "arn:aws:ec2:eu-central-1:135928476890:instance/i-094276beb7dd1fc6c",
                            "associate_public_ip_address": "true",
                            "availability_zone": "eu-central-1a",
                            "cpu_core_count": "1",
                            "cpu_threads_per_core": "1",
                            "credit_specification.#": "1",
                            "credit_specification.0.cpu_credits": "standard",
                            "disable_api_termination": "false",
                            "ebs_block_device.#": "0",
                            "ebs_optimized": "false",
                            "ephemeral_block_device.#": "0",
                            "get_password_data": "false",
                            "iam_instance_profile": "",
                            "id": "i-094276beb7dd1fc6c",
                            "instance_state": "running",
                            "instance_type": "t2.micro",
                            "ipv6_addresses.#": "0",
                            "key_name": "",
                            "monitoring": "false",
                            "network_interface.#": "0",
                            "network_interface_id": "eni-0d804004c00bf6016",
                            "password_data": "",
                            "placement_group": "",
                            "primary_network_interface_id": "eni-0d804004c00bf6016",
                            "private_dns": "ip-10-3-0-230.eu-central-1.compute.internal",
                            "private_ip": "10.3.0.230",
                            "public_dns": "",
                            "public_ip": "18.197.167.4",
                            "root_block_device.#": "1",
                            "root_block_device.0.delete_on_termination": "true",
                            "root_block_device.0.iops": "100",
                            "root_block_device.0.volume_id": "vol-0594a5e18206c07bc",
                            "root_block_device.0.volume_size": "8",
                            "root_block_device.0.volume_type": "gp2",
                            "security_groups.#": "0",
                            "source_dest_check": "true",
                            "subnet_id": "subnet-0f3a618ec820df8d9",
                            "tags.%": "1",
                            "tags.Name": "Mhav-appTF-app",
                            "tenancy": "default",
                            "user_data": "b3ed2adae4a0170b3ef6a9456b3bf132051dc10e",
                            "volume_tags.%": "0",
                            "vpc_security_group_ids.#": "1",
                            "vpc_security_group_ids.4250774732": "sg-0d16ede5c285ddebc"
                        },
                        "meta": {
                            "e2bfb730-ecaa-11e6-8f88-34363bc7c4c0": {
                                "create": 600000000000,
                                "delete": 1200000000000,
                                "update": 600000000000
                            },
                            "schema_version": "1"
                        },
                        "tainted": false
                    },
                    "deposed": [],
                    "provider": "provider.aws"
                },
                "aws_network_acl.app": {
                    "type": "aws_network_acl",
                    "depends_on": [
                        "aws_subnet.mhaventhanApp"
                    ],
                    "primary": {
                        "id": "acl-0248922cf192b235d",
                        "attributes": {
                            "egress.#": "2",
                            "egress.2654803892.action": "allow",
                            "egress.2654803892.cidr_block": "0.0.0.0/0",
                            "egress.2654803892.from_port": "80",
                            "egress.2654803892.icmp_code": "0",
                            "egress.2654803892.icmp_type": "0",
                            "egress.2654803892.ipv6_cidr_block": "",
                            "egress.2654803892.protocol": "6",
                            "egress.2654803892.rule_no": "100",
                            "egress.2654803892.to_port": "80",
                            "egress.2681174233.action": "allow",
                            "egress.2681174233.cidr_block": "0.0.0.0/0",
                            "egress.2681174233.from_port": "1024",
                            "egress.2681174233.icmp_code": "0",
                            "egress.2681174233.icmp_type": "0",
                            "egress.2681174233.ipv6_cidr_block": "",
                            "egress.2681174233.protocol": "6",
                            "egress.2681174233.rule_no": "120",
                            "egress.2681174233.to_port": "65535",
                            "id": "acl-0248922cf192b235d",
                            "ingress.#": "2",
                            "ingress.2654803892.action": "allow",
                            "ingress.2654803892.cidr_block": "0.0.0.0/0",
                            "ingress.2654803892.from_port": "80",
                            "ingress.2654803892.icmp_code": "0",
                            "ingress.2654803892.icmp_type": "0",
                            "ingress.2654803892.ipv6_cidr_block": "",
                            "ingress.2654803892.protocol": "6",
                            "ingress.2654803892.rule_no": "100",
                            "ingress.2654803892.to_port": "80",
                            "ingress.2681174233.action": "allow",
                            "ingress.2681174233.cidr_block": "0.0.0.0/0",
                            "ingress.2681174233.from_port": "1024",
                            "ingress.2681174233.icmp_code": "0",
                            "ingress.2681174233.icmp_type": "0",
                            "ingress.2681174233.ipv6_cidr_block": "",
                            "ingress.2681174233.protocol": "6",
                            "ingress.2681174233.rule_no": "120",
                            "ingress.2681174233.to_port": "65535",
                            "subnet_ids.#": "1",
                            "subnet_ids.979389696": "subnet-0f3a618ec820df8d9",
                            "tags.%": "1",
                            "tags.name": "Mhav-app-TF-NACL",
                            "vpc_id": "vpc-000bd43062dfd9510"
                        },
                        "meta": {},
                        "tainted": false
                    },
                    "deposed": [],
                    "provider": "provider.aws"
                },
                "aws_route_table.mhaventhanApp": {
                    "type": "aws_route_table",
                    "depends_on": [],
                    "primary": {
                        "id": "rtb-0c1a0ab6ce2f3f16e",
                        "attributes": {
                            "id": "rtb-0c1a0ab6ce2f3f16e",
                            "propagating_vgws.#": "0",
                            "route.#": "1",
                            "route.422673786.cidr_block": "0.0.0.0/0",
                            "route.422673786.egress_only_gateway_id": "",
                            "route.422673786.gateway_id": "igw-03376a02c685d30d4",
                            "route.422673786.instance_id": "",
                            "route.422673786.ipv6_cidr_block": "",
                            "route.422673786.nat_gateway_id": "",
                            "route.422673786.network_interface_id": "",
                            "route.422673786.vpc_peering_connection_id": "",
                            "tags.%": "1",
                            "tags.Name": "Mhav-app-public",
                            "vpc_id": "vpc-000bd43062dfd9510"
                        },
                        "meta": {},
                        "tainted": false
                    },
                    "deposed": [],
                    "provider": "provider.aws"
                },
                "aws_route_table_association.app": {
                    "type": "aws_route_table_association",
                    "depends_on": [
                        "aws_route_table.mhaventhanApp",
                        "aws_subnet.mhaventhanApp"
                    ],
                    "primary": {
                        "id": "rtbassoc-0f7a4bb9548190407",
                        "attributes": {
                            "id": "rtbassoc-0f7a4bb9548190407",
                            "route_table_id": "rtb-0c1a0ab6ce2f3f16e",
                            "subnet_id": "subnet-0f3a618ec820df8d9"
                        },
                        "meta": {},
                        "tainted": false
                    },
                    "deposed": [],
                    "provider": "provider.aws"
                },
                "aws_security_group.mhaventhanApp": {
                    "type": "aws_security_group",
                    "depends_on": [],
                    "primary": {
                        "id": "sg-0d16ede5c285ddebc",
                        "attributes": {
                            "arn": "arn:aws:ec2:eu-central-1:135928476890:security-group/sg-0d16ede5c285ddebc",
                            "description": "Mhav-app access",
                            "egress.#": "1",
                            "egress.482069346.cidr_blocks.#": "1",
                            "egress.482069346.cidr_blocks.0": "0.0.0.0/0",
                            "egress.482069346.description": "",
                            "egress.482069346.from_port": "0",
                            "egress.482069346.ipv6_cidr_blocks.#": "0",
                            "egress.482069346.prefix_list_ids.#": "0",
                            "egress.482069346.protocol": "-1",
                            "egress.482069346.security_groups.#": "0",
                            "egress.482069346.self": "false",
                            "egress.482069346.to_port": "0",
                            "id": "sg-0d16ede5c285ddebc",
                            "ingress.#": "1",
                            "ingress.2214680975.cidr_blocks.#": "1",
                            "ingress.2214680975.cidr_blocks.0": "0.0.0.0/0",
                            "ingress.2214680975.description": "",
                            "ingress.2214680975.from_port": "80",
                            "ingress.2214680975.ipv6_cidr_blocks.#": "0",
                            "ingress.2214680975.prefix_list_ids.#": "0",
                            "ingress.2214680975.protocol": "tcp",
                            "ingress.2214680975.security_groups.#": "0",
                            "ingress.2214680975.self": "false",
                            "ingress.2214680975.to_port": "80",
                            "name": "Mhav-app",
                            "owner_id": "135928476890",
                            "revoke_rules_on_delete": "false",
                            "tags.%": "1",
                            "tags.Name": "Mhav-app-app",
                            "vpc_id": "vpc-000bd43062dfd9510"
                        },
                        "meta": {
                            "e2bfb730-ecaa-11e6-8f88-34363bc7c4c0": {
                                "create": 600000000000,
                                "delete": 600000000000
                            },
                            "schema_version": "1"
                        },
                        "tainted": false
                    },
                    "deposed": [],
                    "provider": "provider.aws"
                },
                "aws_subnet.mhaventhanApp": {
                    "type": "aws_subnet",
                    "depends_on": [],
                    "primary": {
                        "id": "subnet-0f3a618ec820df8d9",
                        "attributes": {
                            "arn": "arn:aws:ec2:eu-central-1:135928476890:subnet/subnet-0f3a618ec820df8d9",
                            "assign_ipv6_address_on_creation": "false",
                            "availability_zone": "eu-central-1a",
                            "cidr_block": "10.3.0.0/24",
                            "id": "subnet-0f3a618ec820df8d9",
                            "map_public_ip_on_launch": "true",
                            "tags.%": "1",
                            "tags.Name": "Mhav-app-app-subnet",
                            "vpc_id": "vpc-000bd43062dfd9510"
                        },
                        "meta": {
                            "e2bfb730-ecaa-11e6-8f88-34363bc7c4c0": {
                                "create": 600000000000,
                                "delete": 600000000000
                            },
                            "schema_version": "1"
                        },
                        "tainted": false
                    },
                    "deposed": [],
                    "provider": "provider.aws"
                }
            },
            "depends_on": []
        },
        {
            "path": [
                "root",
                "db"
            ],
            "outputs": {
                "db_instance": {
                    "sensitive": false,
                    "type": "string",
                    "value": "10.3.1.219"
                }
            },
            "resources": {
                "aws_instance.mhaventhan-tf-db": {
                    "type": "aws_instance",
                    "depends_on": [
                        "aws_security_group.mhaventhanDb",
                        "aws_subnet.mhaventhan-private"
                    ],
                    "primary": {
                        "id": "i-0fafecf82653cebeb",
                        "attributes": {
                            "ami": "ami-03cf4dfb958e1148f",
                            "arn": "arn:aws:ec2:eu-central-1:135928476890:instance/i-0fafecf82653cebeb",
                            "associate_public_ip_address": "false",
                            "availability_zone": "eu-central-1a",
                            "cpu_core_count": "1",
                            "cpu_threads_per_core": "1",
                            "credit_specification.#": "1",
                            "credit_specification.0.cpu_credits": "standard",
                            "disable_api_termination": "false",
                            "ebs_block_device.#": "0",
                            "ebs_optimized": "false",
                            "ephemeral_block_device.#": "0",
                            "get_password_data": "false",
                            "iam_instance_profile": "",
                            "id": "i-0fafecf82653cebeb",
                            "instance_state": "running",
                            "instance_type": "t2.micro",
                            "ipv6_addresses.#": "0",
                            "key_name": "",
                            "monitoring": "false",
                            "network_interface.#": "0",
                            "network_interface_id": "eni-0144872a80e93b79b",
                            "password_data": "",
                            "placement_group": "",
                            "primary_network_interface_id": "eni-0144872a80e93b79b",
                            "private_dns": "ip-10-3-1-219.eu-central-1.compute.internal",
                            "private_ip": "10.3.1.219",
                            "public_dns": "",
                            "public_ip": "",
                            "root_block_device.#": "1",
                            "root_block_device.0.delete_on_termination": "true",
                            "root_block_device.0.iops": "100",
                            "root_block_device.0.volume_id": "vol-0faa2cae7b0033a57",
                            "root_block_device.0.volume_size": "8",
                            "root_block_device.0.volume_type": "gp2",
                            "security_groups.#": "0",
                            "source_dest_check": "true",
                            "subnet_id": "subnet-08a95c3804712fe63",
                            "tags.%": "1",
                            "tags.Name": "mhav-TF-db",
                            "tenancy": "default",
                            "volume_tags.%": "0",
                            "vpc_security_group_ids.#": "1",
                            "vpc_security_group_ids.318720840": "sg-08f942857e8d0ff98"
                        },
                        "meta": {
                            "e2bfb730-ecaa-11e6-8f88-34363bc7c4c0": {
                                "create": 600000000000,
                                "delete": 1200000000000,
                                "update": 600000000000
                            },
                            "schema_version": "1"
                        },
                        "tainted": false
                    },
                    "deposed": [],
                    "provider": "provider.aws"
                },
                "aws_network_acl.db": {
                    "type": "aws_network_acl",
                    "depends_on": [
                        "aws_subnet.mhaventhan-private"
                    ],
                    "primary": {
                        "id": "acl-0a62cf9681feb5027",
                        "attributes": {
                            "egress.#": "1",
                            "egress.4131352522.action": "allow",
                            "egress.4131352522.cidr_block": "10.3.0.0/24",
                            "egress.4131352522.from_port": "1024",
                            "egress.4131352522.icmp_code": "0",
                            "egress.4131352522.icmp_type": "0",
                            "egress.4131352522.ipv6_cidr_block": "",
                            "egress.4131352522.protocol": "6",
                            "egress.4131352522.rule_no": "120",
                            "egress.4131352522.to_port": "65535",
                            "id": "acl-0a62cf9681feb5027",
                            "ingress.#": "1",
                            "ingress.3710183313.action": "allow",
                            "ingress.3710183313.cidr_block": "10.3.0.0/24",
                            "ingress.3710183313.from_port": "27017",
                            "ingress.3710183313.icmp_code": "0",
                            "ingress.3710183313.icmp_type": "0",
                            "ingress.3710183313.ipv6_cidr_block": "",
                            "ingress.3710183313.protocol": "6",
                            "ingress.3710183313.rule_no": "100",
                            "ingress.3710183313.to_port": "27017",
                            "subnet_ids.#": "1",
                            "subnet_ids.3704362136": "subnet-08a95c3804712fe63",
                            "tags.%": "1",
                            "tags.name": "Mhav-DB-db",
                            "vpc_id": "vpc-000bd43062dfd9510"
                        },
                        "meta": {},
                        "tainted": false
                    },
                    "deposed": [],
                    "provider": "provider.aws"
                },
                "aws_route_table.mhaventhan-Db": {
                    "type": "aws_route_table",
                    "depends_on": [],
                    "primary": {
                        "id": "rtb-08d20b252e5d9c300",
                        "attributes": {
                            "id": "rtb-08d20b252e5d9c300",
                            "propagating_vgws.#": "0",
                            "route.#": "0",
                            "tags.%": "1",
                            "tags.Name": "Mhav-DB-dbRT",
                            "vpc_id": "vpc-000bd43062dfd9510"
                        },
                        "meta": {},
                        "tainted": false
                    },
                    "deposed": [],
                    "provider": "provider.aws"
                },
                "aws_route_table_association.db": {
                    "type": "aws_route_table_association",
                    "depends_on": [
                        "aws_route_table.mhaventhan-Db",
                        "aws_subnet.mhaventhan-private"
                    ],
                    "primary": {
                        "id": "rtbassoc-0362d7e6ed00dd388",
                        "attributes": {
                            "id": "rtbassoc-0362d7e6ed00dd388",
                            "route_table_id": "rtb-08d20b252e5d9c300",
                            "subnet_id": "subnet-08a95c3804712fe63"
                        },
                        "meta": {},
                        "tainted": false
                    },
                    "deposed": [],
                    "provider": "provider.aws"
                },
                "aws_security_group.mhaventhanDb": {
                    "type": "aws_security_group",
                    "depends_on": [],
                    "primary": {
                        "id": "sg-08f942857e8d0ff98",
                        "attributes": {
                            "arn": "arn:aws:ec2:eu-central-1:135928476890:security-group/sg-08f942857e8d0ff98",
                            "description": "Mhav-DBDb Security Group",
                            "egress.#": "1",
                            "egress.482069346.cidr_blocks.#": "1",
                            "egress.482069346.cidr_blocks.0": "0.0.0.0/0",
                            "egress.482069346.description": "",
                            "egress.482069346.from_port": "0",
                            "egress.482069346.ipv6_cidr_blocks.#": "0",
                            "egress.482069346.prefix_list_ids.#": "0",
                            "egress.482069346.protocol": "-1",
                            "egress.482069346.security_groups.#": "0",
                            "egress.482069346.self": "false",
                            "egress.482069346.to_port": "0",
                            "id": "sg-08f942857e8d0ff98",
                            "ingress.#": "1",
                            "ingress.1501553796.cidr_blocks.#": "0",
                            "ingress.1501553796.description": "",
                            "ingress.1501553796.from_port": "27017",
                            "ingress.1501553796.ipv6_cidr_blocks.#": "0",
                            "ingress.1501553796.prefix_list_ids.#": "0",
                            "ingress.1501553796.protocol": "tcp",
                            "ingress.1501553796.security_groups.#": "1",
                            "ingress.1501553796.security_groups.4250774732": "sg-0d16ede5c285ddebc",
                            "ingress.1501553796.self": "false",
                            "ingress.1501553796.to_port": "27017",
                            "name": "Mhav-DB-Db",
                            "owner_id": "135928476890",
                            "revoke_rules_on_delete": "false",
                            "tags.%": "1",
                            "tags.Name": "Mhav-DB-Db",
                            "vpc_id": "vpc-000bd43062dfd9510"
                        },
                        "meta": {
                            "e2bfb730-ecaa-11e6-8f88-34363bc7c4c0": {
                                "create": 600000000000,
                                "delete": 600000000000
                            },
                            "schema_version": "1"
                        },
                        "tainted": false
                    },
                    "deposed": [],
                    "provider": "provider.aws"
                },
                "aws_subnet.mhaventhan-private": {
                    "type": "aws_subnet",
                    "depends_on": [],
                    "primary": {
                        "id": "subnet-08a95c3804712fe63",
                        "attributes": {
                            "arn": "arn:aws:ec2:eu-central-1:135928476890:subnet/subnet-08a95c3804712fe63",
                            "assign_ipv6_address_on_creation": "false",
                            "availability_zone": "eu-central-1a",
                            "cidr_block": "10.3.1.0/24",
                            "id": "subnet-08a95c3804712fe63",
                            "map_public_ip_on_launch": "false",
                            "tags.%": "1",
                            "tags.Name": "Mhav-DB-db-subnet",
                            "vpc_id": "vpc-000bd43062dfd9510"
                        },
                        "meta": {
                            "e2bfb730-ecaa-11e6-8f88-34363bc7c4c0": {
                                "create": 600000000000,
                                "delete": 600000000000
                            },
                            "schema_version": "1"
                        },
                        "tainted": false
                    },
                    "deposed": [],
                    "provider": "provider.aws"
                }
            },
            "depends_on": []
        }
    ]
}
